
Microsoft Visual Studio Solution File, Format Version 12.00
# Visual Studio Version 16
VisualStudioVersion = 16.0.30114.105
MinimumVisualStudioVersion = 10.0.40219.1
Project("{9A19103F-16F7-4668-BE54-9A1E7A4F7556}") = "MLNet.AutoPipeline", "src\MLNet.AutoPipeline\MLNet.AutoPipeline.csproj", "{4F671A15-42C6-4D3C-8084-2CB57BC24700}"
EndProject
Project("{2150E333-8FDC-42A3-9474-1A3956D46DE8}") = "Solution Items", "Solution Items", "{7ACF472D-8C03-48CA-9805-3D3BAC7627C6}"
	ProjectSection(SolutionItems) = preProject
		.editorconfig = .editorconfig
		CodeCoverage.runsettings = CodeCoverage.runsettings
	EndProjectSection
EndProject
Project("{9A19103F-16F7-4668-BE54-9A1E7A4F7556}") = "MLNet.Sweeper", "src\MLNet.Sweeper\MLNet.Sweeper.csproj", "{FE4AE1A1-AE2F-450C-8428-2FBC6B3DCB7E}"
EndProject
Project("{9A19103F-16F7-4668-BE54-9A1E7A4F7556}") = "MLNet.AutoPipeline.Tests", "src\MLNet.AutoPipeline.Tests\MLNet.AutoPipeline.Tests.csproj", "{A9211845-B7AC-4691-9194-27A205209E0C}"
EndProject
Project("{9A19103F-16F7-4668-BE54-9A1E7A4F7556}") = "MLNet.Sweeper.Tests", "src\MLNet.Sweeper.Tests\MLNet.Sweeper.Tests.csproj", "{A4DB2507-1D19-4639-AF64-9946E68EE6DA}"
EndProject
Project("{9A19103F-16F7-4668-BE54-9A1E7A4F7556}") = "MLNet.Expert", "src\MLNet.Expert\MLNet.Expert.csproj", "{A5F88A20-5838-4CE6-BA6A-82B60FBD599F}"
EndProject
Project("{9A19103F-16F7-4668-BE54-9A1E7A4F7556}") = "MLNet.Expert.Tests", "src\MLNet.Expert.Tests\MLNet.Expert.Tests.csproj", "{E99B6BE0-C29B-4944-AFD3-D8BAD495253B}"
EndProject
Project("{9A19103F-16F7-4668-BE54-9A1E7A4F7556}") = "MLNet.CodeGenerator", "src\MLNet.CodeGenerator\MLNet.CodeGenerator.csproj", "{755A31EE-D359-47C2-933F-596DC85E8006}"
EndProject
Project("{9A19103F-16F7-4668-BE54-9A1E7A4F7556}") = "MLNet.CodeGenerator.Tests", "src\MLNet.CodeGenerator.Tests\MLNet.CodeGenerator.Tests.csproj", "{AF479EE4-A359-4166-84F0-426CE6B12EC2}"
EndProject
Project("{9A19103F-16F7-4668-BE54-9A1E7A4F7556}") = "MLNet.Benchmark", "src\MLNet.Benchmark\MLNet.Benchmark.csproj", "{D83E5666-F9D9-42A3-83E5-0D65CE0E771D}"
EndProject
Global
	GlobalSection(SolutionConfigurationPlatforms) = preSolution
		Debug|Any CPU = Debug|Any CPU
		Release|Any CPU = Release|Any CPU
	EndGlobalSection
	GlobalSection(ProjectConfigurationPlatforms) = postSolution
		{4F671A15-42C6-4D3C-8084-2CB57BC24700}.Debug|Any CPU.ActiveCfg = Debug|Any CPU
		{4F671A15-42C6-4D3C-8084-2CB57BC24700}.Debug|Any CPU.Build.0 = Debug|Any CPU
		{4F671A15-42C6-4D3C-8084-2CB57BC24700}.Release|Any CPU.ActiveCfg = Release|Any CPU
		{4F671A15-42C6-4D3C-8084-2CB57BC24700}.Release|Any CPU.Build.0 = Release|Any CPU
		{FE4AE1A1-AE2F-450C-8428-2FBC6B3DCB7E}.Debug|Any CPU.ActiveCfg = Debug|Any CPU
		{FE4AE1A1-AE2F-450C-8428-2FBC6B3DCB7E}.Debug|Any CPU.Build.0 = Debug|Any CPU
		{FE4AE1A1-AE2F-450C-8428-2FBC6B3DCB7E}.Release|Any CPU.ActiveCfg = Release|Any CPU
		{FE4AE1A1-AE2F-450C-8428-2FBC6B3DCB7E}.Release|Any CPU.Build.0 = Release|Any CPU
		{A9211845-B7AC-4691-9194-27A205209E0C}.Debug|Any CPU.ActiveCfg = Debug|Any CPU
		{A9211845-B7AC-4691-9194-27A205209E0C}.Debug|Any CPU.Build.0 = Debug|Any CPU
		{A9211845-B7AC-4691-9194-27A205209E0C}.Release|Any CPU.ActiveCfg = Release|Any CPU
		{A9211845-B7AC-4691-9194-27A205209E0C}.Release|Any CPU.Build.0 = Release|Any CPU
		{A4DB2507-1D19-4639-AF64-9946E68EE6DA}.Debug|Any CPU.ActiveCfg = Debug|Any CPU
		{A4DB2507-1D19-4639-AF64-9946E68EE6DA}.Debug|Any CPU.Build.0 = Debug|Any CPU
		{A4DB2507-1D19-4639-AF64-9946E68EE6DA}.Release|Any CPU.ActiveCfg = Release|Any CPU
		{A4DB2507-1D19-4639-AF64-9946E68EE6DA}.Release|Any CPU.Build.0 = Release|Any CPU
		{A5F88A20-5838-4CE6-BA6A-82B60FBD599F}.Debug|Any CPU.ActiveCfg = Debug|Any CPU
		{A5F88A20-5838-4CE6-BA6A-82B60FBD599F}.Debug|Any CPU.Build.0 = Debug|Any CPU
		{A5F88A20-5838-4CE6-BA6A-82B60FBD599F}.Release|Any CPU.ActiveCfg = Release|Any CPU
		{A5F88A20-5838-4CE6-BA6A-82B60FBD599F}.Release|Any CPU.Build.0 = Release|Any CPU
		{E99B6BE0-C29B-4944-AFD3-D8BAD495253B}.Debug|Any CPU.ActiveCfg = Debug|Any CPU
		{E99B6BE0-C29B-4944-AFD3-D8BAD495253B}.Debug|Any CPU.Build.0 = Debug|Any CPU
		{E99B6BE0-C29B-4944-AFD3-D8BAD495253B}.Release|Any CPU.ActiveCfg = Release|Any CPU
		{E99B6BE0-C29B-4944-AFD3-D8BAD495253B}.Release|Any CPU.Build.0 = Release|Any CPU
		{755A31EE-D359-47C2-933F-596DC85E8006}.Debug|Any CPU.ActiveCfg = Debug|Any CPU
		{755A31EE-D359-47C2-933F-596DC85E8006}.Debug|Any CPU.Build.0 = Debug|Any CPU
		{755A31EE-D359-47C2-933F-596DC85E8006}.Release|Any CPU.ActiveCfg = Release|Any CPU
		{755A31EE-D359-47C2-933F-596DC85E8006}.Release|Any CPU.Build.0 = Release|Any CPU
		{AF479EE4-A359-4166-84F0-426CE6B12EC2}.Debug|Any CPU.ActiveCfg = Debug|Any CPU
		{AF479EE4-A359-4166-84F0-426CE6B12EC2}.Debug|Any CPU.Build.0 = Debug|Any CPU
		{AF479EE4-A359-4166-84F0-426CE6B12EC2}.Release|Any CPU.ActiveCfg = Release|Any CPU
		{AF479EE4-A359-4166-84F0-426CE6B12EC2}.Release|Any CPU.Build.0 = Release|Any CPU
		{D83E5666-F9D9-42A3-83E5-0D65CE0E771D}.Debug|Any CPU.ActiveCfg = Debug|Any CPU
		{D83E5666-F9D9-42A3-83E5-0D65CE0E771D}.Debug|Any CPU.Build.0 = Debug|Any CPU
		{D83E5666-F9D9-42A3-83E5-0D65CE0E771D}.Release|Any CPU.ActiveCfg = Release|Any CPU
		{D83E5666-F9D9-42A3-83E5-0D65CE0E771D}.Release|Any CPU.Build.0 = Release|Any CPU
	EndGlobalSection
	GlobalSection(SolutionProperties) = preSolution
		HideSolutionNode = FALSE
	EndGlobalSection
	GlobalSection(ExtensibilityGlobals) = postSolution
		SolutionGuid = {30A0CFA5-AB6E-4688-9188-D6CA18915C11}
	EndGlobalSection
EndGlobal
